lockfileVersion: '9.0'

settings:
  autoInstallPeers: true
  excludeLinksFromLockfile: false

importers:

  .:
    dependencies:
      solid-js:
        specifier: ^1.9.0
        version: 1.9.15

packages:

  csstype@3.2.3:
    resolution: {integrity: sha512-z1HGKcYy2xA8AGQfwrn0PAy+PB7X/GSj3UVJW9qKyn43xWa+gl5nXmU4qqLMRzWVLFC8KusUX8T/0kCiOYpAIQ==}

  seroval-plugins@1.5.6:
    resolution: {integrity: sha512-HXuLAX2pu/UByPpaeo/TaMfvMIi+1QqIoPJYCcAtU8QkVNwgR6MPlGuCQTErV1JwraaMbYaWVIBX7mppzGLATQ==}
    engines: {node: '>=10'}
    peerDependencies:
      seroval: ^1.0

  seroval@1.5.6:
    resolution: {integrity: sha512-rVQVWjjSvlINzaQPZH5JFqsqEsIWdTxY3iJZCnTL/5gQbXIRooVZKI60tVCkOVfzcRPejboxO2t0P89dg5mQaA==}
    engines: {node: '>=10'}

  solid-js@1.9.15:
    resolution: {integrity: sha512-EeiY2xfpZJqPLjXspVEKjAII4yv8NyG//NxZ3IpOFHdUNnnTyL0uJOeS9LWGvA7cFCz5y94cjFwYlmw5Luncsg==}

snapshots:

  csstype@3.2.3: {}

  seroval-plugins@1.5.6(seroval@1.5.6):
    dependencies:
      seroval: 1.5.6

  seroval@1.5.6: {}

  solid-js@1.9.15:
    dependencies:
      csstype: 3.2.3
      seroval: 1.5.6
      seroval-plugins: 1.5.6(seroval@1.5.6)
