lockfileVersion: '9.0'

settings:
  autoInstallPeers: true
  excludeLinksFromLockfile: false

importers:

  .:
    dependencies:
      htmx.org:
        specifier: ^2.0.4
        version: 2.0.10

packages:

  htmx.org@2.0.10:
    resolution: {integrity: sha512-kdeJe7ZVwaS6QMz/ebBIVtZdpwen6L0OQ5GOhPV9MKBb196TCZeZu4yA7ZIQsaLKv7EpXz+So7KSXNuHXhj7Cw==}

snapshots:

  htmx.org@2.0.10: {}
