lockfileVersion: '9.0'

settings:
  autoInstallPeers: true
  excludeLinksFromLockfile: false

importers:

  .:
    dependencies:
      '@hotwired/turbo':
        specifier: ^8.0.12
        version: 8.0.23

packages:

  '@hotwired/turbo@8.0.23':
    resolution: {integrity: sha512-GZ7cijxEZ6Ig71u7rD6LHaRv/wcE/hNsc+nEfiWOkLNqUgLOwo5MNGWOy5ZV9ZUDSiQx1no7YxjTNnT4O6//cQ==}
    engines: {node: '>= 18'}

snapshots:

  '@hotwired/turbo@8.0.23': {}
